
Microsoft Visual Studio Solution File, Format Version 12.00
# Visual Studio Version 17
VisualStudioVersion = 17.14.36221.1 d17.14
MinimumVisualStudioVersion = 10.0.40219.1
Project("{FAE04EC0-301F-11D3-BF4B-00C04F79EFBC}") = "Final", "Final\Final.csproj", "{793D3128-A30E-4C65-9160-659686E511DC}"
EndProject
Global
	GlobalSection(SolutionConfigurationPlatforms) = preSolution
		Debug|Any CPU = Debug|Any CPU
		Release|Any CPU = Release|Any CPU
	EndGlobalSection
	GlobalSection(ProjectConfigurationPlatforms) = postSolution
		{793D3128-A30E-4C65-9160-659686E511DC}.Debug|Any CPU.ActiveCfg = Debug|Any CPU
		{793D3128-A30E-4C65-9160-659686E511DC}.Debug|Any CPU.Build.0 = Debug|Any CPU
		{793D3128-A30E-4C65-9160-659686E511DC}.Release|Any CPU.ActiveCfg = Release|Any CPU
		{793D3128-A30E-4C65-9160-659686E511DC}.Release|Any CPU.Build.0 = Release|Any CPU
	EndGlobalSection
	GlobalSection(SolutionProperties) = preSolution
		HideSolutionNode = FALSE
	EndGlobalSection
	GlobalSection(ExtensibilityGlobals) = postSolution
		SolutionGuid = {98E42FA5-DBFF-4E33-A360-B019FFE04F58}
	EndGlobalSection
EndGlobal
